// !$*UTF8*$!
{
	archiveVersion = 1;
	classes = {
	};
	objectVersion = 50;
	objects = {

/* Begin PBXBuildFile section */
		775F86B5268B28A500D14012 /* AppDelegate.swift in Sources */ = {isa = PBXBuildFile; fileRef = 775F86B4268B28A500D14012 /* AppDelegate.swift */; };
		775F86B7268B28A500D14012 /* SceneDelegate.swift in Sources */ = {isa = PBXBuildFile; fileRef = 775F86B6268B28A500D14012 /* SceneDelegate.swift */; };
		775F86B9268B28A500D14012 /* ChickenInputViewController.swift in Sources */ = {isa = PBXBuildFile; fileRef = 775F86B8268B28A500D14012 /* ChickenInputViewController.swift */; };
		775F86BC268B28A500D14012 /* Main.storyboard in Resources */ = {isa = PBXBuildFile; fileRef = 775F86BA268B28A500D14012 /* Main.storyboard */; };
		775F86BE268B28A600D14012 /* Assets.xcassets in Resources */ = {isa = PBXBuildFile; fileRef = 775F86BD268B28A600D14012 /* Assets.xcassets */; };
		775F86C1268B28A600D14012 /* LaunchScreen.storyboard in Resources */ = {isa = PBXBuildFile; fileRef = 775F86BF268B28A600D14012 /* LaunchScreen.storyboard */; };
		77B209C7268CB55000E3144B /* ChickenOutputViewController.swift in Sources */ = {isa = PBXBuildFile; fileRef = 77B209C6268CB55000E3144B /* ChickenOutputViewController.swift */; };
/* End PBXBuildFile section */

/* Begin PBXFileReference section */
		775F86B1268B28A500D14012 /* FibonaChicken.app */ = {isa = PBXFileReference; explicitFileType = wrapper.application; includeInIndex = 0; path = FibonaChicken.app; sourceTree = BUILT_PRODUCTS_DIR; };
		775F86B4268B28A500D14012 /* AppDelegate.swift */ = {isa = PBXFileReference; lastKnownFileType = sourcecode.swift; path = AppDelegate.swift; sourceTree = "<group>"; };
		775F86B6268B28A500D14012 /* SceneDelegate.swift */ = {isa = PBXFileReference; lastKnownFileType = sourcecode.swift; path = SceneDelegate.swift; sourceTree = "<group>"; };
		775F86B8268B28A500D14012 /* ChickenInputViewController.swift */ = {isa = PBXFileReference; lastKnownFileType = sourcecode.swift; path = ChickenInputViewController.swift; sourceTree = "<group>"; };
		775F86BB268B28A500D14012 /* Base */ = {isa = PBXFileReference; lastKnownFileType = file.storyboard; name = Base; path = Base.lproj/Main.storyboard; sourceTree = "<group>"; };
		775F86BD268B28A600D14012 /* Assets.xcassets */ = {isa = PBXFileReference; lastKnownFileType = folder.assetcatalog; path = Assets.xcassets; sourceTree = "<group>"; };
		775F86C0268B28A600D14012 /* Base */ = {isa = PBXFileReference; lastKnownFileType = file.storyboard; name = Base; path = Base.lproj/LaunchScreen.storyboard; sourceTree = "<group>"; };
		775F86C2268B28A600D14012 /* Info.plist */ = {isa = PBXFileReference; lastKnownFileType = text.plist.xml; path = Info.plist; sourceTree = "<group>"; };
		77B209C6268CB55000E3144B /* ChickenOutputViewController.swift */ = {isa = PBXFileReference; lastKnownFileType = sourcecode.swift; path = ChickenOutputViewController.swift; sourceTree = "<group>"; };
/* End PBXFileReference section */

/* Begin PBXFrameworksBuildPhase section */
		775F86AE268B28A500D14012 /* Frameworks */ = {
			isa = PBXFrameworksBuildPhase;
			buildActionMask = 2147483647;
			files = (
			);
			runOnlyForDeploymentPostprocessing = 0;
		};
/* End PBXFrameworksBuildPhase section */

/* Begin PBXGroup section */
		775F86A8268B28A500D14012 = {
			isa = PBXGroup;
			children = (
				775F86B3268B28A500D14012 /* FibonaChicken */,
				775F86B2268B28A500D14012 /* Products */,
			);
			sourceTree = "<group>";
		};
		775F86B2268B28A500D14012 /* Products */ = {
			isa = PBXGroup;
			children = (
				775F86B1268B28A500D14012 /* FibonaChicken.app */,
			);
			name = Products;
			sourceTree = "<group>";
		};
		775F86B3268B28A500D14012 /* FibonaChicken */ = {
			isa = PBXGroup;
			children = (
				775F86B4268B28A500D14012 /* AppDelegate.swift */,
				775F86B6268B28A500D14012 /* SceneDelegate.swift */,
				775F86B8268B28A500D14012 /* ChickenInputViewController.swift */,
				775F86BA268B28A500D14012 /* Main.storyboard */,
				77B209C6268CB55000E3144B /* ChickenOutputViewController.swift */,
				775F86BD268B28A600D14012 /* Assets.xcassets */,
				775F86BF268B28A600D14012 /* LaunchScreen.storyboard */,
				775F86C2268B28A600D14012 /* Info.plist */,
			);
			path = FibonaChicken;
			sourceTree = "<group>";
		};
/* End PBXGroup section */

/* Begin PBXNativeTarget section */
		775F86B0268B28A500D14012 /* FibonaChicken */ = {
			isa = PBXNativeTarget;
			buildConfigurationList = 775F86C5268B28A600D14012 /* Build configuration list for PBXNativeTarget "FibonaChicken" */;
			buildPhases = (
				775F86AD268B28A500D14012 /* Sources */,
				775F86AE268B28A500D14012 /* Frameworks */,
				775F86AF268B28A500D14012 /* Resources */,
			);
			buildRules = (
			);
			dependencies = (
			);
			name = FibonaChicken;
			productName = FibonaChicken;
			productReference = 775F86B1268B28A500D14012 /* FibonaChicken.app */;
			productType = "com.apple.product-type.application";
		};
/* End PBXNativeTarget section */

/* Begin PBXProject section */
		775F86A9268B28A500D14012 /* Project object */ = {
			isa = PBXProject;
			attributes = {
				LastSwiftUpdateCheck = 1250;
				LastUpgradeCheck = 1250;
				TargetAttributes = {
					775F86B0268B28A500D14012 = {
						CreatedOnToolsVersion = 12.5.1;
					};
				};
			};
			buildConfigurationList = 775F86AC268B28A500D14012 /* Build configuration list for PBXProject "FibonaChicken" */;
			compatibilityVersion = "Xcode 9.3";
			developmentRegion = en;
			hasScannedForEncodings = 0;
			knownRegions = (
				en,
				Base,
			);
			mainGroup = 775F86A8268B28A500D14012;
			productRefGroup = 775F86B2268B28A500D14012 /* Products */;
			projectDirPath = "";
			projectRoot = "";
			targets = (
				775F86B0268B28A500D14012 /* FibonaChicken */,
			);
		};
/* End PBXProject section */

/* Begin PBXResourcesBuildPhase section */
		775F86AF268B28A500D14012 /* Resources */ = {
			isa = PBXResourcesBuildPhase;
			buildActionMask = 2147483647;
			files = (
				775F86C1268B28A600D14012 /* LaunchScreen.storyboard in Resources */,
				775F86BE268B28A600D14012 /* Assets.xcassets in Resources */,
				775F86BC268B28A500D14012 /* Main.storyboard in Resources */,
			);
			runOnlyForDeploymentPostprocessing = 0;
		};
/* End PBXResourcesBuildPhase section */

/* Begin PBXSourcesBuildPhase section */
		775F86AD268B28A500D14012 /* Sources */ = {
			isa = PBXSourcesBuildPhase;
			buildActionMask = 2147483647;
			files = (
				775F86B9268B28A500D14012 /* ChickenInputViewController.swift in Sources */,
				775F86B5268B28A500D14012 /* AppDelegate.swift in Sources */,
				775F86B7268B28A500D14012 /* SceneDelegate.swift in Sources */,
				77B209C7268CB55000E3144B /* ChickenOutputViewController.swift in Sources */,
			);
			runOnlyForDeploymentPostprocessing = 0;
		};
/* End PBXSourcesBuildPhase section */

/* Begin PBXVariantGroup section */
		775F86BA268B28A500D14012 /* Main.storyboard */ = {
			isa = PBXVariantGroup;
			children = (
				775F86BB268B28A500D14012 /* Base */,
			);
			name = Main.storyboard;
			sourceTree = "<group>";
		};
		775F86BF268B28A600D14012 /* LaunchScreen.storyboard */ = {
			isa = PBXVariantGroup;
			children = (
				775F86C0268B28A600D14012 /* Base */,
			);
			name = LaunchScreen.storyboard;
			sourceTree = "<group>";
		};
/* End PBXVariantGroup section */

/* Begin XCBuildConfiguration section */
		775F86C3268B28A600D14012 /* Debug */ = {
			isa = XCBuildConfiguration;
			buildSettings = {
				ALWAYS_SEARCH_USER_PATHS = NO;
				CLANG_ANALYZER_NONNULL = YES;
				CLANG_ANALYZER_NUMBER_OBJECT_CONVERSION = YES_AGGRESSIVE;
				CLANG_CXX_LANGUAGE_STANDARD = "gnu++14";
				CLANG_CXX_LIBRARY = "libc++";
				CLANG_ENABLE_MODULES = YES;
				CLANG_ENABLE_OBJC_ARC = YES;
				CLANG_ENABLE_OBJC_WEAK = YES;
				CLANG_WARN_BLOCK_CAPTURE_AUTORELEASING = YES;
				CLANG_WARN_BOOL_CONVERSION = YES;
				CLANG_WARN_COMMA = YES;
				CLANG_WARN_CONSTANT_CONVERSION = YES;
				CLANG_WARN_DEPRECATED_OBJC_IMPLEMENTATIONS = YES;
				CLANG_WARN_DIRECT_OBJC_ISA_USAGE = YES_ERROR;
				CLANG_WARN_DOCUMENTATION_COMMENTS = YES;
				CLANG_WARN_EMPTY_BODY = YES;
				CLANG_WARN_ENUM_CONVERSION = YES;
				CLANG_WARN_INFINITE_RECURSION = YES;
				CLANG_WARN_INT_CONVERSION = YES;
				CLANG_WARN_NON_LITERAL_NULL_CONVERSION = YES;
				CLANG_WARN_OBJC_IMPLICIT_RETAIN_SELF = YES;
				CLANG_WARN_OBJC_LITERAL_CONVERSION = YES;
				CLANG_WARN_OBJC_ROOT_CLASS = YES_ERROR;
				CLANG_WARN_QUOTED_INCLUDE_IN_FRAMEWORK_HEADER = YES;
				CLANG_WARN_RANGE_LOOP_ANALYSIS = YES;
				CLANG_WARN_STRICT_PROTOTYPES = YES;
				CLANG_WARN_SUSPICIOUS_MOVE = YES;
				CLANG_WARN_UNGUARDED_AVAILABILITY = YES_AGGRESSIVE;
				CLANG_WARN_UNREACHABLE_CODE = YES;
				CLANG_WARN__DUPLICATE_METHOD_MATCH = YES;
				COPY_PHASE_STRIP = NO;
				DEBUG_INFORMATION_FORMAT = dwarf;
				ENABLE_STRICT_OBJC_MSGSEND = YES;
				ENABLE_TESTABILITY = YES;
				GCC_C_LANGUAGE_STANDARD = gnu11;
				GCC_DYNAMIC_NO_PIC = NO;
				GCC_NO_COMMON_BLOCKS = YES;
				GCC_OPTIMIZATION_LEVEL = 0;
				GCC_PREPROCESSOR_DEFINITIONS = (
					"DEBUG=1",
					"$(inherited)",
				);
				GCC_WARN_64_TO_32_BIT_CONVERSION = YES;
				GCC_WARN_ABOUT_RETURN_TYPE = YES_ERROR;
				GCC_WARN_UNDECLARED_SELECTOR = YES;
				GCC_WARN_UNINITIALIZED_AUTOS = YES_AGGRESSIVE;
				GCC_WARN_UNUSED_FUNCTION = YES;
				GCC_WARN_UNUSED_VARIABLE = YES;
				IPHONEOS_DEPLOYMENT_TARGET = 14.5;
				MTL_ENABLE_DEBUG_INFO = INCLUDE_SOURCE;
				MTL_FAST_MATH = YES;
				ONLY_ACTIVE_ARCH = YES;
				SDKROOT = iphoneos;
				SWIFT_ACTIVE_COMPILATION_CONDITIONS = DEBUG;
				SWIFT_OPTIMIZATION_LEVEL = "-Onone";
			};
			name = Debug;
		};
		775F86C4268B28A600D14012 /* Release */ = {
			isa = XCBuildConfiguration;
			buildSettings = {
				ALWAYS_SEARCH_USER_PATHS = NO;
				CLANG_ANALYZER_NONNULL = YES;
				CLANG_ANALYZER_NUMBER_OBJECT_CONVERSION = YES_AGGRESSIVE;
				CLANG_CXX_LANGUAGE_STANDARD = "gnu++14";
				CLANG_CXX_LIBRARY = "libc++";
				CLANG_ENABLE_MODULES = YES;
				CLANG_ENABLE_OBJC_ARC = YES;
				CLANG_ENABLE_OBJC_WEAK = YES;
				CLANG_WARN_BLOCK_CAPTURE_AUTORELEASING = YES;
				CLANG_WARN_BOOL_CONVERSION = YES;
				CLANG_WARN_COMMA = YES;
				CLANG_WARN_CONSTANT_CONVERSION = YES;
				CLANG_WARN_DEPRECATED_OBJC_IMPLEMENTATIONS = YES;
				CLANG_WARN_DIRECT_OBJC_ISA_USAGE = YES_ERROR;
				CLANG_WARN_DOCUMENTATION_COMMENTS = YES;
				CLANG_WARN_EMPTY_BODY = YES;
				CLANG_WARN_ENUM_CONVERSION = YES;
				CLANG_WARN_INFINITE_RECURSION = YES;
				CLANG_WARN_INT_CONVERSION = YES;
				CLANG_WARN_NON_LITERAL_NULL_CONVERSION = YES;
				CLANG_WARN_OBJC_IMPLICIT_RETAIN_SELF = YES;
				CLANG_WARN_OBJC_LITERAL_CONVERSION = YES;
				CLANG_WARN_OBJC_ROOT_CLASS = YES_ERROR;
				CLANG_WARN_QUOTED_INCLUDE_IN_FRAMEWORK_HEADER = YES;
				CLANG_WARN_RANGE_LOOP_ANALYSIS = YES;
				CLANG_WARN_STRICT_PROTOTYPES = YES;
				CLANG_WARN_SUSPICIOUS_MOVE = YES;
				CLANG_WARN_UNGUARDED_AVAILABILITY = YES_AGGRESSIVE;
				CLANG_WARN_UNREACHABLE_CODE = YES;
				CLANG_WARN__DUPLICATE_METHOD_MATCH = YES;
				COPY_PHASE_STRIP = NO;
				DEBUG_INFORMATION_FORMAT = "dwarf-with-dsym";
				ENABLE_NS_ASSERTIONS = NO;
				ENABLE_STRICT_OBJC_MSGSEND = YES;
				GCC_C_LANGUAGE_STANDARD = gnu11;
				GCC_NO_COMMON_BLOCKS = YES;
				GCC_WARN_64_TO_32_BIT_CONVERSION = YES;
				GCC_WARN_ABOUT_RETURN_TYPE = YES_ERROR;
				GCC_WARN_UNDECLARED_SELECTOR = YES;
				GCC_WARN_UNINITIALIZED_AUTOS = YES_AGGRESSIVE;
				GCC_WARN_UNUSED_FUNCTION = YES;
				GCC_WARN_UNUSED_VARIABLE = YES;
				IPHONEOS_DEPLOYMENT_TARGET = 14.5;
				MTL_ENABLE_DEBUG_INFO = NO;
				MTL_FAST_MATH = YES;
				SDKROOT = iphoneos;
				SWIFT_COMPILATION_MODE = wholemodule;
				SWIFT_OPTIMIZATION_LEVEL = "-O";
				VALIDATE_PRODUCT = YES;
			};
			name = Release;
		};
		775F86C6268B28A600D14012 /* Debug */ = {
			isa = XCBuildConfiguration;
			buildSettings = {
				ASSETCATALOG_COMPILER_APPICON_NAME = AppIcon;
				ASSETCATALOG_COMPILER_GLOBAL_ACCENT_COLOR_NAME = AccentColor;
				CODE_SIGN_STYLE = Automatic;
				DEVELOPMENT_TEAM = "";
				INFOPLIST_FILE = FibonaChicken/Info.plist;
				LD_RUNPATH_SEARCH_PATHS = (
					"$(inherited)",
					"@executable_path/Frameworks",
				);
				PRODUCT_BUNDLE_IDENTIFIER = tunahouse97.FibonaChicken;
				PRODUCT_NAME = "$(TARGET_NAME)";
				SWIFT_VERSION = 5.0;
				TARGETED_DEVICE_FAMILY = "1,2";
			};
			name = Debug;
		};
		775F86C7268B28A600D14012 /* Release */ = {
			isa = XCBuildConfiguration;
			buildSettings = {
				ASSETCATALOG_COMPILER_APPICON_NAME = AppIcon;
				ASSETCATALOG_COMPILER_GLOBAL_ACCENT_COLOR_NAME = AccentColor;
				CODE_SIGN_STYLE = Automatic;
				DEVELOPMENT_TEAM = "";
				INFOPLIST_FILE = FibonaChicken/Info.plist;
				LD_RUNPATH_SEARCH_PATHS = (
					"$(inherited)",
					"@executable_path/Frameworks",
				);
				PRODUCT_BUNDLE_IDENTIFIER = tunahouse97.FibonaChicken;
				PRODUCT_NAME = "$(TARGET_NAME)";
				SWIFT_VERSION = 5.0;
				TARGETED_DEVICE_FAMILY = "1,2";
			};
			name = Release;
		};
/* End XCBuildConfiguration section */

/* Begin XCConfigurationList section */
		775F86AC268B28A500D14012 /* Build configuration list for PBXProject "FibonaChicken" */ = {
			isa = XCConfigurationList;
			buildConfigurations = (
				775F86C3268B28A600D14012 /* Debug */,
				775F86C4268B28A600D14012 /* Release */,
			);
			defaultConfigurationIsVisible = 0;
			defaultConfigurationName = Release;
		};
		775F86C5268B28A600D14012 /* Build configuration list for PBXNativeTarget "FibonaChicken" */ = {
			isa = XCConfigurationList;
			buildConfigurations = (
				775F86C6268B28A600D14012 /* Debug */,
				775F86C7268B28A600D14012 /* Release */,
			);
			defaultConfigurationIsVisible = 0;
			defaultConfigurationName = Release;
		};
/* End XCConfigurationList section */
	};
	rootObject = 775F86A9268B28A500D14012 /* Project object */;
}
