// !$*UTF8*$!
{
	archiveVersion = 1;
	classes = {
	};
	objectVersion = 52;
	objects = {

/* Begin PBXBuildFile section */
		7708F26526963F76000254FE /* AppDelegate.swift in Sources */ = {isa = PBXBuildFile; fileRef = 7708F26426963F76000254FE /* AppDelegate.swift */; };
		7708F26726963F76000254FE /* SceneDelegate.swift in Sources */ = {isa = PBXBuildFile; fileRef = 7708F26626963F76000254FE /* SceneDelegate.swift */; };
		7708F26926963F76000254FE /* ViewController.swift in Sources */ = {isa = PBXBuildFile; fileRef = 7708F26826963F76000254FE /* ViewController.swift */; };
		7708F26C26963F76000254FE /* Main.storyboard in Resources */ = {isa = PBXBuildFile; fileRef = 7708F26A26963F76000254FE /* Main.storyboard */; };
		7708F26E26963F78000254FE /* Assets.xcassets in Resources */ = {isa = PBXBuildFile; fileRef = 7708F26D26963F78000254FE /* Assets.xcassets */; };
		7708F27126963F78000254FE /* LaunchScreen.storyboard in Resources */ = {isa = PBXBuildFile; fileRef = 7708F26F26963F78000254FE /* LaunchScreen.storyboard */; };
		7708F27A2696DA65000254FE /* Alamofire in Frameworks */ = {isa = PBXBuildFile; productRef = 7708F2792696DA65000254FE /* Alamofire */; };
		7708F27D2696DA70000254FE /* SwiftyJSON in Frameworks */ = {isa = PBXBuildFile; productRef = 7708F27C2696DA70000254FE /* SwiftyJSON */; };
		7708F2802696DA8C000254FE /* Kingfisher in Frameworks */ = {isa = PBXBuildFile; productRef = 7708F27F2696DA8C000254FE /* Kingfisher */; };
/* End PBXBuildFile section */

/* Begin PBXFileReference section */
		7708F26126963F76000254FE /* DaliyCatPic.app */ = {isa = PBXFileReference; explicitFileType = wrapper.application; includeInIndex = 0; path = DaliyCatPic.app; sourceTree = BUILT_PRODUCTS_DIR; };
		7708F26426963F76000254FE /* AppDelegate.swift */ = {isa = PBXFileReference; lastKnownFileType = sourcecode.swift; path = AppDelegate.swift; sourceTree = "<group>"; };
		7708F26626963F76000254FE /* SceneDelegate.swift */ = {isa = PBXFileReference; lastKnownFileType = sourcecode.swift; path = SceneDelegate.swift; sourceTree = "<group>"; };
		7708F26826963F76000254FE /* ViewController.swift */ = {isa = PBXFileReference; lastKnownFileType = sourcecode.swift; path = ViewController.swift; sourceTree = "<group>"; };
		7708F26B26963F76000254FE /* Base */ = {isa = PBXFileReference; lastKnownFileType = file.storyboard; name = Base; path = Base.lproj/Main.storyboard; sourceTree = "<group>"; };
		7708F26D26963F78000254FE /* Assets.xcassets */ = {isa = PBXFileReference; lastKnownFileType = folder.assetcatalog; path = Assets.xcassets; sourceTree = "<group>"; };
		7708F27026963F78000254FE /* Base */ = {isa = PBXFileReference; lastKnownFileType = file.storyboard; name = Base; path = Base.lproj/LaunchScreen.storyboard; sourceTree = "<group>"; };
		7708F27226963F78000254FE /* Info.plist */ = {isa = PBXFileReference; lastKnownFileType = text.plist.xml; path = Info.plist; sourceTree = "<group>"; };
/* End PBXFileReference section */

/* Begin PBXFrameworksBuildPhase section */
		7708F25E26963F76000254FE /* Frameworks */ = {
			isa = PBXFrameworksBuildPhase;
			buildActionMask = 2147483647;
			files = (
				7708F2802696DA8C000254FE /* Kingfisher in Frameworks */,
				7708F27D2696DA70000254FE /* SwiftyJSON in Frameworks */,
				7708F27A2696DA65000254FE /* Alamofire in Frameworks */,
			);
			runOnlyForDeploymentPostprocessing = 0;
		};
/* End PBXFrameworksBuildPhase section */

/* Begin PBXGroup section */
		7708F25826963F76000254FE = {
			isa = PBXGroup;
			children = (
				7708F26326963F76000254FE /* DaliyCatPic */,
				7708F26226963F76000254FE /* Products */,
			);
			sourceTree = "<group>";
		};
		7708F26226963F76000254FE /* Products */ = {
			isa = PBXGroup;
			children = (
				7708F26126963F76000254FE /* DaliyCatPic.app */,
			);
			name = Products;
			sourceTree = "<group>";
		};
		7708F26326963F76000254FE /* DaliyCatPic */ = {
			isa = PBXGroup;
			children = (
				7708F26426963F76000254FE /* AppDelegate.swift */,
				7708F26626963F76000254FE /* SceneDelegate.swift */,
				7708F26826963F76000254FE /* ViewController.swift */,
				7708F26A26963F76000254FE /* Main.storyboard */,
				7708F26D26963F78000254FE /* Assets.xcassets */,
				7708F26F26963F78000254FE /* LaunchScreen.storyboard */,
				7708F27226963F78000254FE /* Info.plist */,
			);
			path = DaliyCatPic;
			sourceTree = "<group>";
		};
/* End PBXGroup section */

/* Begin PBXNativeTarget section */
		7708F26026963F76000254FE /* DaliyCatPic */ = {
			isa = PBXNativeTarget;
			buildConfigurationList = 7708F27526963F78000254FE /* Build configuration list for PBXNativeTarget "DaliyCatPic" */;
			buildPhases = (
				7708F25D26963F76000254FE /* Sources */,
				7708F25E26963F76000254FE /* Frameworks */,
				7708F25F26963F76000254FE /* Resources */,
			);
			buildRules = (
			);
			dependencies = (
			);
			name = DaliyCatPic;
			packageProductDependencies = (
				7708F2792696DA65000254FE /* Alamofire */,
				7708F27C2696DA70000254FE /* SwiftyJSON */,
				7708F27F2696DA8C000254FE /* Kingfisher */,
			);
			productName = DaliyCatPic;
			productReference = 7708F26126963F76000254FE /* DaliyCatPic.app */;
			productType = "com.apple.product-type.application";
		};
/* End PBXNativeTarget section */

/* Begin PBXProject section */
		7708F25926963F76000254FE /* Project object */ = {
			isa = PBXProject;
			attributes = {
				LastSwiftUpdateCheck = 1250;
				LastUpgradeCheck = 1250;
				TargetAttributes = {
					7708F26026963F76000254FE = {
						CreatedOnToolsVersion = 12.5.1;
					};
				};
			};
			buildConfigurationList = 7708F25C26963F76000254FE /* Build configuration list for PBXProject "DaliyCatPic" */;
			compatibilityVersion = "Xcode 9.3";
			developmentRegion = en;
			hasScannedForEncodings = 0;
			knownRegions = (
				en,
				Base,
			);
			mainGroup = 7708F25826963F76000254FE;
			packageReferences = (
				7708F2782696DA65000254FE /* XCRemoteSwiftPackageReference "Alamofire" */,
				7708F27B2696DA70000254FE /* XCRemoteSwiftPackageReference "SwiftyJSON" */,
				7708F27E2696DA8C000254FE /* XCRemoteSwiftPackageReference "Kingfisher" */,
			);
			productRefGroup = 7708F26226963F76000254FE /* Products */;
			projectDirPath = "";
			projectRoot = "";
			targets = (
				7708F26026963F76000254FE /* DaliyCatPic */,
			);
		};
/* End PBXProject section */

/* Begin PBXResourcesBuildPhase section */
		7708F25F26963F76000254FE /* Resources */ = {
			isa = PBXResourcesBuildPhase;
			buildActionMask = 2147483647;
			files = (
				7708F27126963F78000254FE /* LaunchScreen.storyboard in Resources */,
				7708F26E26963F78000254FE /* Assets.xcassets in Resources */,
				7708F26C26963F76000254FE /* Main.storyboard in Resources */,
			);
			runOnlyForDeploymentPostprocessing = 0;
		};
/* End PBXResourcesBuildPhase section */

/* Begin PBXSourcesBuildPhase section */
		7708F25D26963F76000254FE /* Sources */ = {
			isa = PBXSourcesBuildPhase;
			buildActionMask = 2147483647;
			files = (
				7708F26926963F76000254FE /* ViewController.swift in Sources */,
				7708F26526963F76000254FE /* AppDelegate.swift in Sources */,
				7708F26726963F76000254FE /* SceneDelegate.swift in Sources */,
			);
			runOnlyForDeploymentPostprocessing = 0;
		};
/* End PBXSourcesBuildPhase section */

/* Begin PBXVariantGroup section */
		7708F26A26963F76000254FE /* Main.storyboard */ = {
			isa = PBXVariantGroup;
			children = (
				7708F26B26963F76000254FE /* Base */,
			);
			name = Main.storyboard;
			sourceTree = "<group>";
		};
		7708F26F26963F78000254FE /* LaunchScreen.storyboard */ = {
			isa = PBXVariantGroup;
			children = (
				7708F27026963F78000254FE /* Base */,
			);
			name = LaunchScreen.storyboard;
			sourceTree = "<group>";
		};
/* End PBXVariantGroup section */

/* Begin XCBuildConfiguration section */
		7708F27326963F78000254FE /* Debug */ = {
			isa = XCBuildConfiguration;
			buildSettings = {
				ALWAYS_SEARCH_USER_PATHS = NO;
				CLANG_ANALYZER_NONNULL = YES;
				CLANG_ANALYZER_NUMBER_OBJECT_CONVERSION = YES_AGGRESSIVE;
				CLANG_CXX_LANGUAGE_STANDARD = "gnu++14";
				CLANG_CXX_LIBRARY = "libc++";
				CLANG_ENABLE_MODULES = YES;
				CLANG_ENABLE_OBJC_ARC = YES;
				CLANG_ENABLE_OBJC_WEAK = YES;
				CLANG_WARN_BLOCK_CAPTURE_AUTORELEASING = YES;
				CLANG_WARN_BOOL_CONVERSION = YES;
				CLANG_WARN_COMMA = YES;
				CLANG_WARN_CONSTANT_CONVERSION = YES;
				CLANG_WARN_DEPRECATED_OBJC_IMPLEMENTATIONS = YES;
				CLANG_WARN_DIRECT_OBJC_ISA_USAGE = YES_ERROR;
				CLANG_WARN_DOCUMENTATION_COMMENTS = YES;
				CLANG_WARN_EMPTY_BODY = YES;
				CLANG_WARN_ENUM_CONVERSION = YES;
				CLANG_WARN_INFINITE_RECURSION = YES;
				CLANG_WARN_INT_CONVERSION = YES;
				CLANG_WARN_NON_LITERAL_NULL_CONVERSION = YES;
				CLANG_WARN_OBJC_IMPLICIT_RETAIN_SELF = YES;
				CLANG_WARN_OBJC_LITERAL_CONVERSION = YES;
				CLANG_WARN_OBJC_ROOT_CLASS = YES_ERROR;
				CLANG_WARN_QUOTED_INCLUDE_IN_FRAMEWORK_HEADER = YES;
				CLANG_WARN_RANGE_LOOP_ANALYSIS = YES;
				CLANG_WARN_STRICT_PROTOTYPES = YES;
				CLANG_WARN_SUSPICIOUS_MOVE = YES;
				CLANG_WARN_UNGUARDED_AVAILABILITY = YES_AGGRESSIVE;
				CLANG_WARN_UNREACHABLE_CODE = YES;
				CLANG_WARN__DUPLICATE_METHOD_MATCH = YES;
				COPY_PHASE_STRIP = NO;
				DEBUG_INFORMATION_FORMAT = dwarf;
				ENABLE_STRICT_OBJC_MSGSEND = YES;
				ENABLE_TESTABILITY = YES;
				GCC_C_LANGUAGE_STANDARD = gnu11;
				GCC_DYNAMIC_NO_PIC = NO;
				GCC_NO_COMMON_BLOCKS = YES;
				GCC_OPTIMIZATION_LEVEL = 0;
				GCC_PREPROCESSOR_DEFINITIONS = (
					"DEBUG=1",
					"$(inherited)",
				);
				GCC_WARN_64_TO_32_BIT_CONVERSION = YES;
				GCC_WARN_ABOUT_RETURN_TYPE = YES_ERROR;
				GCC_WARN_UNDECLARED_SELECTOR = YES;
				GCC_WARN_UNINITIALIZED_AUTOS = YES_AGGRESSIVE;
				GCC_WARN_UNUSED_FUNCTION = YES;
				GCC_WARN_UNUSED_VARIABLE = YES;
				IPHONEOS_DEPLOYMENT_TARGET = 14.5;
				MTL_ENABLE_DEBUG_INFO = INCLUDE_SOURCE;
				MTL_FAST_MATH = YES;
				ONLY_ACTIVE_ARCH = YES;
				SDKROOT = iphoneos;
				SWIFT_ACTIVE_COMPILATION_CONDITIONS = DEBUG;
				SWIFT_OPTIMIZATION_LEVEL = "-Onone";
			};
			name = Debug;
		};
		7708F27426963F78000254FE /* Release */ = {
			isa = XCBuildConfiguration;
			buildSettings = {
				ALWAYS_SEARCH_USER_PATHS = NO;
				CLANG_ANALYZER_NONNULL = YES;
				CLANG_ANALYZER_NUMBER_OBJECT_CONVERSION = YES_AGGRESSIVE;
				CLANG_CXX_LANGUAGE_STANDARD = "gnu++14";
				CLANG_CXX_LIBRARY = "libc++";
				CLANG_ENABLE_MODULES = YES;
				CLANG_ENABLE_OBJC_ARC = YES;
				CLANG_ENABLE_OBJC_WEAK = YES;
				CLANG_WARN_BLOCK_CAPTURE_AUTORELEASING = YES;
				CLANG_WARN_BOOL_CONVERSION = YES;
				CLANG_WARN_COMMA = YES;
				CLANG_WARN_CONSTANT_CONVERSION = YES;
				CLANG_WARN_DEPRECATED_OBJC_IMPLEMENTATIONS = YES;
				CLANG_WARN_DIRECT_OBJC_ISA_USAGE = YES_ERROR;
				CLANG_WARN_DOCUMENTATION_COMMENTS = YES;
				CLANG_WARN_EMPTY_BODY = YES;
				CLANG_WARN_ENUM_CONVERSION = YES;
				CLANG_WARN_INFINITE_RECURSION = YES;
				CLANG_WARN_INT_CONVERSION = YES;
				CLANG_WARN_NON_LITERAL_NULL_CONVERSION = YES;
				CLANG_WARN_OBJC_IMPLICIT_RETAIN_SELF = YES;
				CLANG_WARN_OBJC_LITERAL_CONVERSION = YES;
				CLANG_WARN_OBJC_ROOT_CLASS = YES_ERROR;
				CLANG_WARN_QUOTED_INCLUDE_IN_FRAMEWORK_HEADER = YES;
				CLANG_WARN_RANGE_LOOP_ANALYSIS = YES;
				CLANG_WARN_STRICT_PROTOTYPES = YES;
				CLANG_WARN_SUSPICIOUS_MOVE = YES;
				CLANG_WARN_UNGUARDED_AVAILABILITY = YES_AGGRESSIVE;
				CLANG_WARN_UNREACHABLE_CODE = YES;
				CLANG_WARN__DUPLICATE_METHOD_MATCH = YES;
				COPY_PHASE_STRIP = NO;
				DEBUG_INFORMATION_FORMAT = "dwarf-with-dsym";
				ENABLE_NS_ASSERTIONS = NO;
				ENABLE_STRICT_OBJC_MSGSEND = YES;
				GCC_C_LANGUAGE_STANDARD = gnu11;
				GCC_NO_COMMON_BLOCKS = YES;
				GCC_WARN_64_TO_32_BIT_CONVERSION = YES;
				GCC_WARN_ABOUT_RETURN_TYPE = YES_ERROR;
				GCC_WARN_UNDECLARED_SELECTOR = YES;
				GCC_WARN_UNINITIALIZED_AUTOS = YES_AGGRESSIVE;
				GCC_WARN_UNUSED_FUNCTION = YES;
				GCC_WARN_UNUSED_VARIABLE = YES;
				IPHONEOS_DEPLOYMENT_TARGET = 14.5;
				MTL_ENABLE_DEBUG_INFO = NO;
				MTL_FAST_MATH = YES;
				SDKROOT = iphoneos;
				SWIFT_COMPILATION_MODE = wholemodule;
				SWIFT_OPTIMIZATION_LEVEL = "-O";
				VALIDATE_PRODUCT = YES;
			};
			name = Release;
		};
		7708F27626963F78000254FE /* Debug */ = {
			isa = XCBuildConfiguration;
			buildSettings = {
				ASSETCATALOG_COMPILER_APPICON_NAME = AppIcon;
				ASSETCATALOG_COMPILER_GLOBAL_ACCENT_COLOR_NAME = AccentColor;
				CODE_SIGN_STYLE = Automatic;
				INFOPLIST_FILE = DaliyCatPic/Info.plist;
				LD_RUNPATH_SEARCH_PATHS = (
					"$(inherited)",
					"@executable_path/Frameworks",
				);
				PRODUCT_BUNDLE_IDENTIFIER = tunahouse97.DaliyCatPic;
				PRODUCT_NAME = "$(TARGET_NAME)";
				SWIFT_VERSION = 5.0;
				TARGETED_DEVICE_FAMILY = "1,2";
			};
			name = Debug;
		};
		7708F27726963F78000254FE /* Release */ = {
			isa = XCBuildConfiguration;
			buildSettings = {
				ASSETCATALOG_COMPILER_APPICON_NAME = AppIcon;
				ASSETCATALOG_COMPILER_GLOBAL_ACCENT_COLOR_NAME = AccentColor;
				CODE_SIGN_STYLE = Automatic;
				INFOPLIST_FILE = DaliyCatPic/Info.plist;
				LD_RUNPATH_SEARCH_PATHS = (
					"$(inherited)",
					"@executable_path/Frameworks",
				);
				PRODUCT_BUNDLE_IDENTIFIER = tunahouse97.DaliyCatPic;
				PRODUCT_NAME = "$(TARGET_NAME)";
				SWIFT_VERSION = 5.0;
				TARGETED_DEVICE_FAMILY = "1,2";
			};
			name = Release;
		};
/* End XCBuildConfiguration section */

/* Begin XCConfigurationList section */
		7708F25C26963F76000254FE /* Build configuration list for PBXProject "DaliyCatPic" */ = {
			isa = XCConfigurationList;
			buildConfigurations = (
				7708F27326963F78000254FE /* Debug */,
				7708F27426963F78000254FE /* Release */,
			);
			defaultConfigurationIsVisible = 0;
			defaultConfigurationName = Release;
		};
		7708F27526963F78000254FE /* Build configuration list for PBXNativeTarget "DaliyCatPic" */ = {
			isa = XCConfigurationList;
			buildConfigurations = (
				7708F27626963F78000254FE /* Debug */,
				7708F27726963F78000254FE /* Release */,
			);
			defaultConfigurationIsVisible = 0;
			defaultConfigurationName = Release;
		};
/* End XCConfigurationList section */

/* Begin XCRemoteSwiftPackageReference section */
		7708F2782696DA65000254FE /* XCRemoteSwiftPackageReference "Alamofire" */ = {
			isa = XCRemoteSwiftPackageReference;
			repositoryURL = "https://github.com/Alamofire/Alamofire.git";
			requirement = {
				kind = upToNextMajorVersion;
				minimumVersion = 5.4.3;
			};
		};
		7708F27B2696DA70000254FE /* XCRemoteSwiftPackageReference "SwiftyJSON" */ = {
			isa = XCRemoteSwiftPackageReference;
			repositoryURL = "https://github.com/SwiftyJSON/SwiftyJSON.git";
			requirement = {
				kind = upToNextMajorVersion;
				minimumVersion = 5.0.1;
			};
		};
		7708F27E2696DA8C000254FE /* XCRemoteSwiftPackageReference "Kingfisher" */ = {
			isa = XCRemoteSwiftPackageReference;
			repositoryURL = "https://github.com/onevcat/Kingfisher";
			requirement = {
				kind = upToNextMajorVersion;
				minimumVersion = 6.3.0;
			};
		};
/* End XCRemoteSwiftPackageReference section */

/* Begin XCSwiftPackageProductDependency section */
		7708F2792696DA65000254FE /* Alamofire */ = {
			isa = XCSwiftPackageProductDependency;
			package = 7708F2782696DA65000254FE /* XCRemoteSwiftPackageReference "Alamofire" */;
			productName = Alamofire;
		};
		7708F27C2696DA70000254FE /* SwiftyJSON */ = {
			isa = XCSwiftPackageProductDependency;
			package = 7708F27B2696DA70000254FE /* XCRemoteSwiftPackageReference "SwiftyJSON" */;
			productName = SwiftyJSON;
		};
		7708F27F2696DA8C000254FE /* Kingfisher */ = {
			isa = XCSwiftPackageProductDependency;
			package = 7708F27E2696DA8C000254FE /* XCRemoteSwiftPackageReference "Kingfisher" */;
			productName = Kingfisher;
		};
/* End XCSwiftPackageProductDependency section */
	};
	rootObject = 7708F25926963F76000254FE /* Project object */;
}
