// !$*UTF8*$!
{
	archiveVersion = 1;
	classes = {
	};
	objectVersion = 52;
	objects = {

/* Begin PBXBuildFile section */
		778DC9922696077A00F103D7 /* AppDelegate.swift in Sources */ = {isa = PBXBuildFile; fileRef = 778DC9912696077A00F103D7 /* AppDelegate.swift */; };
		778DC9942696077A00F103D7 /* SceneDelegate.swift in Sources */ = {isa = PBXBuildFile; fileRef = 778DC9932696077A00F103D7 /* SceneDelegate.swift */; };
		778DC9962696077A00F103D7 /* ViewController.swift in Sources */ = {isa = PBXBuildFile; fileRef = 778DC9952696077A00F103D7 /* ViewController.swift */; };
		778DC9992696077A00F103D7 /* Main.storyboard in Resources */ = {isa = PBXBuildFile; fileRef = 778DC9972696077A00F103D7 /* Main.storyboard */; };
		778DC99B2696077A00F103D7 /* Assets.xcassets in Resources */ = {isa = PBXBuildFile; fileRef = 778DC99A2696077A00F103D7 /* Assets.xcassets */; };
		778DC99E2696077A00F103D7 /* LaunchScreen.storyboard in Resources */ = {isa = PBXBuildFile; fileRef = 778DC99C2696077A00F103D7 /* LaunchScreen.storyboard */; };
		778DC9A7269607B000F103D7 /* Alamofire in Frameworks */ = {isa = PBXBuildFile; productRef = 778DC9A6269607B000F103D7 /* Alamofire */; };
		778DC9AA2696086100F103D7 /* SwiftyJSON in Frameworks */ = {isa = PBXBuildFile; productRef = 778DC9A92696086100F103D7 /* SwiftyJSON */; };
		778DC9AC26960C2800F103D7 /* ReviewTableViewController.swift in Sources */ = {isa = PBXBuildFile; fileRef = 778DC9AB26960C2800F103D7 /* ReviewTableViewController.swift */; };
		778DC9AE2696119900F103D7 /* ReviewWriteViewController.swift in Sources */ = {isa = PBXBuildFile; fileRef = 778DC9AD2696119900F103D7 /* ReviewWriteViewController.swift */; };
/* End PBXBuildFile section */

/* Begin PBXFileReference section */
		778DC98E2696077900F103D7 /* BookReview.app */ = {isa = PBXFileReference; explicitFileType = wrapper.application; includeInIndex = 0; path = BookReview.app; sourceTree = BUILT_PRODUCTS_DIR; };
		778DC9912696077A00F103D7 /* AppDelegate.swift */ = {isa = PBXFileReference; lastKnownFileType = sourcecode.swift; path = AppDelegate.swift; sourceTree = "<group>"; };
		778DC9932696077A00F103D7 /* SceneDelegate.swift */ = {isa = PBXFileReference; lastKnownFileType = sourcecode.swift; path = SceneDelegate.swift; sourceTree = "<group>"; };
		778DC9952696077A00F103D7 /* ViewController.swift */ = {isa = PBXFileReference; lastKnownFileType = sourcecode.swift; path = ViewController.swift; sourceTree = "<group>"; };
		778DC9982696077A00F103D7 /* Base */ = {isa = PBXFileReference; lastKnownFileType = file.storyboard; name = Base; path = Base.lproj/Main.storyboard; sourceTree = "<group>"; };
		778DC99A2696077A00F103D7 /* Assets.xcassets */ = {isa = PBXFileReference; lastKnownFileType = folder.assetcatalog; path = Assets.xcassets; sourceTree = "<group>"; };
		778DC99D2696077A00F103D7 /* Base */ = {isa = PBXFileReference; lastKnownFileType = file.storyboard; name = Base; path = Base.lproj/LaunchScreen.storyboard; sourceTree = "<group>"; };
		778DC99F2696077A00F103D7 /* Info.plist */ = {isa = PBXFileReference; lastKnownFileType = text.plist.xml; path = Info.plist; sourceTree = "<group>"; };
		778DC9AB26960C2800F103D7 /* ReviewTableViewController.swift */ = {isa = PBXFileReference; lastKnownFileType = sourcecode.swift; path = ReviewTableViewController.swift; sourceTree = "<group>"; };
		778DC9AD2696119900F103D7 /* ReviewWriteViewController.swift */ = {isa = PBXFileReference; lastKnownFileType = sourcecode.swift; path = ReviewWriteViewController.swift; sourceTree = "<group>"; };
/* End PBXFileReference section */

/* Begin PBXFrameworksBuildPhase section */
		778DC98B2696077900F103D7 /* Frameworks */ = {
			isa = PBXFrameworksBuildPhase;
			buildActionMask = 2147483647;
			files = (
				778DC9AA2696086100F103D7 /* SwiftyJSON in Frameworks */,
				778DC9A7269607B000F103D7 /* Alamofire in Frameworks */,
			);
			runOnlyForDeploymentPostprocessing = 0;
		};
/* End PBXFrameworksBuildPhase section */

/* Begin PBXGroup section */
		778DC9852696077900F103D7 = {
			isa = PBXGroup;
			children = (
				778DC9902696077A00F103D7 /* BookReview */,
				778DC98F2696077900F103D7 /* Products */,
			);
			sourceTree = "<group>";
		};
		778DC98F2696077900F103D7 /* Products */ = {
			isa = PBXGroup;
			children = (
				778DC98E2696077900F103D7 /* BookReview.app */,
			);
			name = Products;
			sourceTree = "<group>";
		};
		778DC9902696077A00F103D7 /* BookReview */ = {
			isa = PBXGroup;
			children = (
				778DC9912696077A00F103D7 /* AppDelegate.swift */,
				778DC9932696077A00F103D7 /* SceneDelegate.swift */,
				778DC9952696077A00F103D7 /* ViewController.swift */,
				778DC9972696077A00F103D7 /* Main.storyboard */,
				778DC99A2696077A00F103D7 /* Assets.xcassets */,
				778DC99C2696077A00F103D7 /* LaunchScreen.storyboard */,
				778DC99F2696077A00F103D7 /* Info.plist */,
				778DC9AB26960C2800F103D7 /* ReviewTableViewController.swift */,
				778DC9AD2696119900F103D7 /* ReviewWriteViewController.swift */,
			);
			path = BookReview;
			sourceTree = "<group>";
		};
/* End PBXGroup section */

/* Begin PBXNativeTarget section */
		778DC98D2696077900F103D7 /* BookReview */ = {
			isa = PBXNativeTarget;
			buildConfigurationList = 778DC9A22696077A00F103D7 /* Build configuration list for PBXNativeTarget "BookReview" */;
			buildPhases = (
				778DC98A2696077900F103D7 /* Sources */,
				778DC98B2696077900F103D7 /* Frameworks */,
				778DC98C2696077900F103D7 /* Resources */,
			);
			buildRules = (
			);
			dependencies = (
			);
			name = BookReview;
			packageProductDependencies = (
				778DC9A6269607B000F103D7 /* Alamofire */,
				778DC9A92696086100F103D7 /* SwiftyJSON */,
			);
			productName = BookReview;
			productReference = 778DC98E2696077900F103D7 /* BookReview.app */;
			productType = "com.apple.product-type.application";
		};
/* End PBXNativeTarget section */

/* Begin PBXProject section */
		778DC9862696077900F103D7 /* Project object */ = {
			isa = PBXProject;
			attributes = {
				LastSwiftUpdateCheck = 1250;
				LastUpgradeCheck = 1250;
				TargetAttributes = {
					778DC98D2696077900F103D7 = {
						CreatedOnToolsVersion = 12.5.1;
					};
				};
			};
			buildConfigurationList = 778DC9892696077900F103D7 /* Build configuration list for PBXProject "BookReview" */;
			compatibilityVersion = "Xcode 9.3";
			developmentRegion = en;
			hasScannedForEncodings = 0;
			knownRegions = (
				en,
				Base,
			);
			mainGroup = 778DC9852696077900F103D7;
			packageReferences = (
				778DC9A5269607B000F103D7 /* XCRemoteSwiftPackageReference "Alamofire" */,
				778DC9A82696086100F103D7 /* XCRemoteSwiftPackageReference "SwiftyJSON" */,
			);
			productRefGroup = 778DC98F2696077900F103D7 /* Products */;
			projectDirPath = "";
			projectRoot = "";
			targets = (
				778DC98D2696077900F103D7 /* BookReview */,
			);
		};
/* End PBXProject section */

/* Begin PBXResourcesBuildPhase section */
		778DC98C2696077900F103D7 /* Resources */ = {
			isa = PBXResourcesBuildPhase;
			buildActionMask = 2147483647;
			files = (
				778DC99E2696077A00F103D7 /* LaunchScreen.storyboard in Resources */,
				778DC99B2696077A00F103D7 /* Assets.xcassets in Resources */,
				778DC9992696077A00F103D7 /* Main.storyboard in Resources */,
			);
			runOnlyForDeploymentPostprocessing = 0;
		};
/* End PBXResourcesBuildPhase section */

/* Begin PBXSourcesBuildPhase section */
		778DC98A2696077900F103D7 /* Sources */ = {
			isa = PBXSourcesBuildPhase;
			buildActionMask = 2147483647;
			files = (
				778DC9962696077A00F103D7 /* ViewController.swift in Sources */,
				778DC9922696077A00F103D7 /* AppDelegate.swift in Sources */,
				778DC9AE2696119900F103D7 /* ReviewWriteViewController.swift in Sources */,
				778DC9942696077A00F103D7 /* SceneDelegate.swift in Sources */,
				778DC9AC26960C2800F103D7 /* ReviewTableViewController.swift in Sources */,
			);
			runOnlyForDeploymentPostprocessing = 0;
		};
/* End PBXSourcesBuildPhase section */

/* Begin PBXVariantGroup section */
		778DC9972696077A00F103D7 /* Main.storyboard */ = {
			isa = PBXVariantGroup;
			children = (
				778DC9982696077A00F103D7 /* Base */,
			);
			name = Main.storyboard;
			sourceTree = "<group>";
		};
		778DC99C2696077A00F103D7 /* LaunchScreen.storyboard */ = {
			isa = PBXVariantGroup;
			children = (
				778DC99D2696077A00F103D7 /* Base */,
			);
			name = LaunchScreen.storyboard;
			sourceTree = "<group>";
		};
/* End PBXVariantGroup section */

/* Begin XCBuildConfiguration section */
		778DC9A02696077A00F103D7 /* Debug */ = {
			isa = XCBuildConfiguration;
			buildSettings = {
				ALWAYS_SEARCH_USER_PATHS = NO;
				CLANG_ANALYZER_NONNULL = YES;
				CLANG_ANALYZER_NUMBER_OBJECT_CONVERSION = YES_AGGRESSIVE;
				CLANG_CXX_LANGUAGE_STANDARD = "gnu++14";
				CLANG_CXX_LIBRARY = "libc++";
				CLANG_ENABLE_MODULES = YES;
				CLANG_ENABLE_OBJC_ARC = YES;
				CLANG_ENABLE_OBJC_WEAK = YES;
				CLANG_WARN_BLOCK_CAPTURE_AUTORELEASING = YES;
				CLANG_WARN_BOOL_CONVERSION = YES;
				CLANG_WARN_COMMA = YES;
				CLANG_WARN_CONSTANT_CONVERSION = YES;
				CLANG_WARN_DEPRECATED_OBJC_IMPLEMENTATIONS = YES;
				CLANG_WARN_DIRECT_OBJC_ISA_USAGE = YES_ERROR;
				CLANG_WARN_DOCUMENTATION_COMMENTS = YES;
				CLANG_WARN_EMPTY_BODY = YES;
				CLANG_WARN_ENUM_CONVERSION = YES;
				CLANG_WARN_INFINITE_RECURSION = YES;
				CLANG_WARN_INT_CONVERSION = YES;
				CLANG_WARN_NON_LITERAL_NULL_CONVERSION = YES;
				CLANG_WARN_OBJC_IMPLICIT_RETAIN_SELF = YES;
				CLANG_WARN_OBJC_LITERAL_CONVERSION = YES;
				CLANG_WARN_OBJC_ROOT_CLASS = YES_ERROR;
				CLANG_WARN_QUOTED_INCLUDE_IN_FRAMEWORK_HEADER = YES;
				CLANG_WARN_RANGE_LOOP_ANALYSIS = YES;
				CLANG_WARN_STRICT_PROTOTYPES = YES;
				CLANG_WARN_SUSPICIOUS_MOVE = YES;
				CLANG_WARN_UNGUARDED_AVAILABILITY = YES_AGGRESSIVE;
				CLANG_WARN_UNREACHABLE_CODE = YES;
				CLANG_WARN__DUPLICATE_METHOD_MATCH = YES;
				COPY_PHASE_STRIP = NO;
				DEBUG_INFORMATION_FORMAT = dwarf;
				ENABLE_STRICT_OBJC_MSGSEND = YES;
				ENABLE_TESTABILITY = YES;
				GCC_C_LANGUAGE_STANDARD = gnu11;
				GCC_DYNAMIC_NO_PIC = NO;
				GCC_NO_COMMON_BLOCKS = YES;
				GCC_OPTIMIZATION_LEVEL = 0;
				GCC_PREPROCESSOR_DEFINITIONS = (
					"DEBUG=1",
					"$(inherited)",
				);
				GCC_WARN_64_TO_32_BIT_CONVERSION = YES;
				GCC_WARN_ABOUT_RETURN_TYPE = YES_ERROR;
				GCC_WARN_UNDECLARED_SELECTOR = YES;
				GCC_WARN_UNINITIALIZED_AUTOS = YES_AGGRESSIVE;
				GCC_WARN_UNUSED_FUNCTION = YES;
				GCC_WARN_UNUSED_VARIABLE = YES;
				IPHONEOS_DEPLOYMENT_TARGET = 14.5;
				MTL_ENABLE_DEBUG_INFO = INCLUDE_SOURCE;
				MTL_FAST_MATH = YES;
				ONLY_ACTIVE_ARCH = YES;
				SDKROOT = iphoneos;
				SWIFT_ACTIVE_COMPILATION_CONDITIONS = DEBUG;
				SWIFT_OPTIMIZATION_LEVEL = "-Onone";
			};
			name = Debug;
		};
		778DC9A12696077A00F103D7 /* Release */ = {
			isa = XCBuildConfiguration;
			buildSettings = {
				ALWAYS_SEARCH_USER_PATHS = NO;
				CLANG_ANALYZER_NONNULL = YES;
				CLANG_ANALYZER_NUMBER_OBJECT_CONVERSION = YES_AGGRESSIVE;
				CLANG_CXX_LANGUAGE_STANDARD = "gnu++14";
				CLANG_CXX_LIBRARY = "libc++";
				CLANG_ENABLE_MODULES = YES;
				CLANG_ENABLE_OBJC_ARC = YES;
				CLANG_ENABLE_OBJC_WEAK = YES;
				CLANG_WARN_BLOCK_CAPTURE_AUTORELEASING = YES;
				CLANG_WARN_BOOL_CONVERSION = YES;
				CLANG_WARN_COMMA = YES;
				CLANG_WARN_CONSTANT_CONVERSION = YES;
				CLANG_WARN_DEPRECATED_OBJC_IMPLEMENTATIONS = YES;
				CLANG_WARN_DIRECT_OBJC_ISA_USAGE = YES_ERROR;
				CLANG_WARN_DOCUMENTATION_COMMENTS = YES;
				CLANG_WARN_EMPTY_BODY = YES;
				CLANG_WARN_ENUM_CONVERSION = YES;
				CLANG_WARN_INFINITE_RECURSION = YES;
				CLANG_WARN_INT_CONVERSION = YES;
				CLANG_WARN_NON_LITERAL_NULL_CONVERSION = YES;
				CLANG_WARN_OBJC_IMPLICIT_RETAIN_SELF = YES;
				CLANG_WARN_OBJC_LITERAL_CONVERSION = YES;
				CLANG_WARN_OBJC_ROOT_CLASS = YES_ERROR;
				CLANG_WARN_QUOTED_INCLUDE_IN_FRAMEWORK_HEADER = YES;
				CLANG_WARN_RANGE_LOOP_ANALYSIS = YES;
				CLANG_WARN_STRICT_PROTOTYPES = YES;
				CLANG_WARN_SUSPICIOUS_MOVE = YES;
				CLANG_WARN_UNGUARDED_AVAILABILITY = YES_AGGRESSIVE;
				CLANG_WARN_UNREACHABLE_CODE = YES;
				CLANG_WARN__DUPLICATE_METHOD_MATCH = YES;
				COPY_PHASE_STRIP = NO;
				DEBUG_INFORMATION_FORMAT = "dwarf-with-dsym";
				ENABLE_NS_ASSERTIONS = NO;
				ENABLE_STRICT_OBJC_MSGSEND = YES;
				GCC_C_LANGUAGE_STANDARD = gnu11;
				GCC_NO_COMMON_BLOCKS = YES;
				GCC_WARN_64_TO_32_BIT_CONVERSION = YES;
				GCC_WARN_ABOUT_RETURN_TYPE = YES_ERROR;
				GCC_WARN_UNDECLARED_SELECTOR = YES;
				GCC_WARN_UNINITIALIZED_AUTOS = YES_AGGRESSIVE;
				GCC_WARN_UNUSED_FUNCTION = YES;
				GCC_WARN_UNUSED_VARIABLE = YES;
				IPHONEOS_DEPLOYMENT_TARGET = 14.5;
				MTL_ENABLE_DEBUG_INFO = NO;
				MTL_FAST_MATH = YES;
				SDKROOT = iphoneos;
				SWIFT_COMPILATION_MODE = wholemodule;
				SWIFT_OPTIMIZATION_LEVEL = "-O";
				VALIDATE_PRODUCT = YES;
			};
			name = Release;
		};
		778DC9A32696077A00F103D7 /* Debug */ = {
			isa = XCBuildConfiguration;
			buildSettings = {
				ASSETCATALOG_COMPILER_APPICON_NAME = AppIcon;
				ASSETCATALOG_COMPILER_GLOBAL_ACCENT_COLOR_NAME = AccentColor;
				CODE_SIGN_STYLE = Automatic;
				INFOPLIST_FILE = BookReview/Info.plist;
				LD_RUNPATH_SEARCH_PATHS = (
					"$(inherited)",
					"@executable_path/Frameworks",
				);
				PRODUCT_BUNDLE_IDENTIFIER = tunahouse97.BookReview;
				PRODUCT_NAME = "$(TARGET_NAME)";
				SWIFT_VERSION = 5.0;
				TARGETED_DEVICE_FAMILY = "1,2";
			};
			name = Debug;
		};
		778DC9A42696077A00F103D7 /* Release */ = {
			isa = XCBuildConfiguration;
			buildSettings = {
				ASSETCATALOG_COMPILER_APPICON_NAME = AppIcon;
				ASSETCATALOG_COMPILER_GLOBAL_ACCENT_COLOR_NAME = AccentColor;
				CODE_SIGN_STYLE = Automatic;
				INFOPLIST_FILE = BookReview/Info.plist;
				LD_RUNPATH_SEARCH_PATHS = (
					"$(inherited)",
					"@executable_path/Frameworks",
				);
				PRODUCT_BUNDLE_IDENTIFIER = tunahouse97.BookReview;
				PRODUCT_NAME = "$(TARGET_NAME)";
				SWIFT_VERSION = 5.0;
				TARGETED_DEVICE_FAMILY = "1,2";
			};
			name = Release;
		};
/* End XCBuildConfiguration section */

/* Begin XCConfigurationList section */
		778DC9892696077900F103D7 /* Build configuration list for PBXProject "BookReview" */ = {
			isa = XCConfigurationList;
			buildConfigurations = (
				778DC9A02696077A00F103D7 /* Debug */,
				778DC9A12696077A00F103D7 /* Release */,
			);
			defaultConfigurationIsVisible = 0;
			defaultConfigurationName = Release;
		};
		778DC9A22696077A00F103D7 /* Build configuration list for PBXNativeTarget "BookReview" */ = {
			isa = XCConfigurationList;
			buildConfigurations = (
				778DC9A32696077A00F103D7 /* Debug */,
				778DC9A42696077A00F103D7 /* Release */,
			);
			defaultConfigurationIsVisible = 0;
			defaultConfigurationName = Release;
		};
/* End XCConfigurationList section */

/* Begin XCRemoteSwiftPackageReference section */
		778DC9A5269607B000F103D7 /* XCRemoteSwiftPackageReference "Alamofire" */ = {
			isa = XCRemoteSwiftPackageReference;
			repositoryURL = "https://github.com/Alamofire/Alamofire";
			requirement = {
				kind = upToNextMajorVersion;
				minimumVersion = 5.4.3;
			};
		};
		778DC9A82696086100F103D7 /* XCRemoteSwiftPackageReference "SwiftyJSON" */ = {
			isa = XCRemoteSwiftPackageReference;
			repositoryURL = "https://github.com/SwiftyJSON/SwiftyJSON.git";
			requirement = {
				kind = upToNextMajorVersion;
				minimumVersion = 5.0.1;
			};
		};
/* End XCRemoteSwiftPackageReference section */

/* Begin XCSwiftPackageProductDependency section */
		778DC9A6269607B000F103D7 /* Alamofire */ = {
			isa = XCSwiftPackageProductDependency;
			package = 778DC9A5269607B000F103D7 /* XCRemoteSwiftPackageReference "Alamofire" */;
			productName = Alamofire;
		};
		778DC9A92696086100F103D7 /* SwiftyJSON */ = {
			isa = XCSwiftPackageProductDependency;
			package = 778DC9A82696086100F103D7 /* XCRemoteSwiftPackageReference "SwiftyJSON" */;
			productName = SwiftyJSON;
		};
/* End XCSwiftPackageProductDependency section */
	};
	rootObject = 778DC9862696077900F103D7 /* Project object */;
}
